
Microsoft Visual Studio Solution File, Format Version 12.00
# Visual Studio Version 17
VisualStudioVersion = 17.7.34031.279
MinimumVisualStudioVersion = 10.0.40219.1
Project("{FAE04EC0-301F-11D3-BF4B-00C04F79EFBC}") = "generator-pitanja-za-ispit", "generator-pitanja-za-ispit.csproj", "{3DA0CFE3-3BE1-4158-BD25-8EA3883DC0A9}"
EndProject
Global
	GlobalSection(SolutionConfigurationPlatforms) = preSolution
		Debug|Any CPU = Debug|Any CPU
		Release|Any CPU = Release|Any CPU
	EndGlobalSection
	GlobalSection(ProjectConfigurationPlatforms) = postSolution
		{3DA0CFE3-3BE1-4158-BD25-8EA3883DC0A9}.Debug|Any CPU.ActiveCfg = Debug|Any CPU
		{3DA0CFE3-3BE1-4158-BD25-8EA3883DC0A9}.Debug|Any CPU.Build.0 = Debug|Any CPU
		{3DA0CFE3-3BE1-4158-BD25-8EA3883DC0A9}.Release|Any CPU.ActiveCfg = Release|Any CPU
		{3DA0CFE3-3BE1-4158-BD25-8EA3883DC0A9}.Release|Any CPU.Build.0 = Release|Any CPU
	EndGlobalSection
	GlobalSection(SolutionProperties) = preSolution
		HideSolutionNode = FALSE
	EndGlobalSection
	GlobalSection(ExtensibilityGlobals) = postSolution
		SolutionGuid = {F51267E9-A856-4064-82D7-03E1F4327712}
	EndGlobalSection
EndGlobal
